
Microsoft Visual Studio Solution File, Format Version 12.00
# Visual Studio Version 17
VisualStudioVersion = 17.5.33424.131
MinimumVisualStudioVersion = 10.0.40219.1
Project("{FAE04EC0-301F-11D3-BF4B-00C04F79EFBC}") = "lecture", "lecture\lecture.csproj", "{91FE5611-0D12-4720-8A1F-5DE4B707C3A9}"
EndProject
Global
	GlobalSection(SolutionConfigurationPlatforms) = preSolution
		Debug|Any CPU = Debug|Any CPU
		Release|Any CPU = Release|Any CPU
	EndGlobalSection
	GlobalSection(ProjectConfigurationPlatforms) = postSolution
		{91FE5611-0D12-4720-8A1F-5DE4B707C3A9}.Debug|Any CPU.ActiveCfg = Debug|Any CPU
		{91FE5611-0D12-4720-8A1F-5DE4B707C3A9}.Debug|Any CPU.Build.0 = Debug|Any CPU
		{91FE5611-0D12-4720-8A1F-5DE4B707C3A9}.Release|Any CPU.ActiveCfg = Release|Any CPU
		{91FE5611-0D12-4720-8A1F-5DE4B707C3A9}.Release|Any CPU.Build.0 = Release|Any CPU
	EndGlobalSection
	GlobalSection(SolutionProperties) = preSolution
		HideSolutionNode = FALSE
	EndGlobalSection
	GlobalSection(ExtensibilityGlobals) = postSolution
		SolutionGuid = {E850B3C8-9338-4A48-8337-219F8E8B347A}
	EndGlobalSection
EndGlobal
